{
    "_readme": [
        "This file locks the dependencies of your project to a known state",
        "Read more about it at https://getcomposer.org/doc/01-basic-usage.md#composer-lock-the-lock-file",
        "This file is @generated automatically"
    ],
    "content-hash": "57022451d67d33e8d82e1956474738d0",
    "packages": [
        {
            "name": "lionar/agreements",
            "version": "dev-master",
            "source": {
                "type": "git",
                "url": "https://github.com/lionar/agreements.git",
                "reference": "754e6ca015463d4ef08b2aa867afd7054c2f5baa"
            },
            "dist": {
                "type": "zip",
                "url": "https://api.github.com/repos/lionar/agreements/zipball/754e6ca015463d4ef08b2aa867afd7054c2f5baa",
                "reference": "754e6ca015463d4ef08b2aa867afd7054c2f5baa",
                "shasum": ""
            },
            "type": "library",
            "autoload": {
                "psr-4": {
                    "agreed\\": "source"
                }
            },
            "notification-url": "https://packagist.org/downloads/",
            "license": [
                "MIT"
            ],
            "authors": [
                {
                    "name": "Aron Wouters",
                    "email": "lionar@mail.com",
                    "role": "Developer"
                }
            ],
            "description": "Interfaces for technical components.",
            "keywords": [
                "Agreements",
                "lionar"
            ],
            "time": "2017-06-28T20:53:08+00:00"
        }
    ],
    "packages-dev": [],
    "aliases": [],
    "minimum-stability": "dev",
    "stability-flags": [],
    "prefer-stable": false,
    "prefer-lowest": false,
    "platform": [],
    "platform-dev": []
}
